
Microsoft Visual Studio Solution File, Format Version 12.00
# Visual Studio Version 17
VisualStudioVersion = 17.0.31903.59
MinimumVisualStudioVersion = 10.0.40219.1
Project("{FAE04EC0-301F-11D3-BF4B-00C04F79EFBC}") = "SmartMedical.API", "SmartMedical.API\SmartMedical.API.csproj", "{2B6D9521-3645-4907-90EA-3C1946A90974}"
EndProject
Project("{FAE04EC0-301F-11D3-BF4B-00C04F79EFBC}") = "SmartMedical.Core", "SmartMedical.Core\SmartMedical.Core.csproj", "{952CB30D-2803-43C1-96CA-DBD6A4626818}"
EndProject
Project("{FAE04EC0-301F-11D3-BF4B-00C04F79EFBC}") = "SmartMedical.Infrastructure", "SmartMedical.Infrastructure\SmartMedical.Infrastructure.csproj", "{7FDE5151-DD5A-4C3C-AC6F-243610096C37}"
EndProject
Global
	GlobalSection(SolutionConfigurationPlatforms) = preSolution
		Debug|Any CPU = Debug|Any CPU
		Debug|x64 = Debug|x64
		Debug|x86 = Debug|x86
		Release|Any CPU = Release|Any CPU
		Release|x64 = Release|x64
		Release|x86 = Release|x86
	EndGlobalSection
	GlobalSection(ProjectConfigurationPlatforms) = postSolution
		{2B6D9521-3645-4907-90EA-3C1946A90974}.Debug|Any CPU.ActiveCfg = Debug|Any CPU
		{2B6D9521-3645-4907-90EA-3C1946A90974}.Debug|Any CPU.Build.0 = Debug|Any CPU
		{2B6D9521-3645-4907-90EA-3C1946A90974}.Debug|x64.ActiveCfg = Debug|Any CPU
		{2B6D9521-3645-4907-90EA-3C1946A90974}.Debug|x64.Build.0 = Debug|Any CPU
		{2B6D9521-3645-4907-90EA-3C1946A90974}.Debug|x86.ActiveCfg = Debug|Any CPU
		{2B6D9521-3645-4907-90EA-3C1946A90974}.Debug|x86.Build.0 = Debug|Any CPU
		{2B6D9521-3645-4907-90EA-3C1946A90974}.Release|Any CPU.ActiveCfg = Release|Any CPU
		{2B6D9521-3645-4907-90EA-3C1946A90974}.Release|Any CPU.Build.0 = Release|Any CPU
		{2B6D9521-3645-4907-90EA-3C1946A90974}.Release|x64.ActiveCfg = Release|Any CPU
		{2B6D9521-3645-4907-90EA-3C1946A90974}.Release|x64.Build.0 = Release|Any CPU
		{2B6D9521-3645-4907-90EA-3C1946A90974}.Release|x86.ActiveCfg = Release|Any CPU
		{2B6D9521-3645-4907-90EA-3C1946A90974}.Release|x86.Build.0 = Release|Any CPU
		{952CB30D-2803-43C1-96CA-DBD6A4626818}.Debug|Any CPU.ActiveCfg = Debug|Any CPU
		{952CB30D-2803-43C1-96CA-DBD6A4626818}.Debug|Any CPU.Build.0 = Debug|Any CPU
		{952CB30D-2803-43C1-96CA-DBD6A4626818}.Debug|x64.ActiveCfg = Debug|Any CPU
		{952CB30D-2803-43C1-96CA-DBD6A4626818}.Debug|x64.Build.0 = Debug|Any CPU
		{952CB30D-2803-43C1-96CA-DBD6A4626818}.Debug|x86.ActiveCfg = Debug|Any CPU
		{952CB30D-2803-43C1-96CA-DBD6A4626818}.Debug|x86.Build.0 = Debug|Any CPU
		{952CB30D-2803-43C1-96CA-DBD6A4626818}.Release|Any CPU.ActiveCfg = Release|Any CPU
		{952CB30D-2803-43C1-96CA-DBD6A4626818}.Release|Any CPU.Build.0 = Release|Any CPU
		{952CB30D-2803-43C1-96CA-DBD6A4626818}.Release|x64.ActiveCfg = Release|Any CPU
		{952CB30D-2803-43C1-96CA-DBD6A4626818}.Release|x64.Build.0 = Release|Any CPU
		{952CB30D-2803-43C1-96CA-DBD6A4626818}.Release|x86.ActiveCfg = Release|Any CPU
		{952CB30D-2803-43C1-96CA-DBD6A4626818}.Release|x86.Build.0 = Release|Any CPU
		{7FDE5151-DD5A-4C3C-AC6F-243610096C37}.Debug|Any CPU.ActiveCfg = Debug|Any CPU
		{7FDE5151-DD5A-4C3C-AC6F-243610096C37}.Debug|Any CPU.Build.0 = Debug|Any CPU
		{7FDE5151-DD5A-4C3C-AC6F-243610096C37}.Debug|x64.ActiveCfg = Debug|Any CPU
		{7FDE5151-DD5A-4C3C-AC6F-243610096C37}.Debug|x64.Build.0 = Debug|Any CPU
		{7FDE5151-DD5A-4C3C-AC6F-243610096C37}.Debug|x86.ActiveCfg = Debug|Any CPU
		{7FDE5151-DD5A-4C3C-AC6F-243610096C37}.Debug|x86.Build.0 = Debug|Any CPU
		{7FDE5151-DD5A-4C3C-AC6F-243610096C37}.Release|Any CPU.ActiveCfg = Release|Any CPU
		{7FDE5151-DD5A-4C3C-AC6F-243610096C37}.Release|Any CPU.Build.0 = Release|Any CPU
		{7FDE5151-DD5A-4C3C-AC6F-243610096C37}.Release|x64.ActiveCfg = Release|Any CPU
		{7FDE5151-DD5A-4C3C-AC6F-243610096C37}.Release|x64.Build.0 = Release|Any CPU
		{7FDE5151-DD5A-4C3C-AC6F-243610096C37}.Release|x86.ActiveCfg = Release|Any CPU
		{7FDE5151-DD5A-4C3C-AC6F-243610096C37}.Release|x86.Build.0 = Release|Any CPU
	EndGlobalSection
	GlobalSection(SolutionProperties) = preSolution
		HideSolutionNode = FALSE
	EndGlobalSection
EndGlobal
